NeoBundleLock tabular 60f25648814f0695eeb6c1040d97adca93c4e0bb
NeoBundleLock vim-pandoc adc66f58cfddc6c2fc18100e7bd11a334f863781
NeoBundleLock vim-pandoc-after 4377665e5c98f29ea838deb3b942200b8dd096ef
NeoBundleLock vim-pandoc-syntax a35e9ce28bae85b1ce5d4f817882a8d78efcd6be
NeoBundleLock vim-table-mode 01289c07524de407d93e3d7bb3a21e9db412783b
