NeoBundleLock Asif 396e7164cbd1ea46decdde39193fb318f2be0529
NeoBundleLock DoxygenToolkit.vim afd8663d36d2ec19d26befdb10e89e912d26bbd3
NeoBundleLock SyntaxRange 74894260c0d1c281b5141df492495aa9c43fd620
NeoBundleLock YouCompleteMe 1b76af43864063126329dc0ecb5677332e3123c4
NeoBundleLock delimitMate 8bc47fd1c40cdad9ea1f36c0cf13592c70ea65e9
NeoBundleLock goyo.vim 53b808d7776b5781d408b633157639fa62a3f23a
NeoBundleLock jellybeans.vim e0b9ef9ff42b91133d7da5d36d2c264994cc3cdd
NeoBundleLock limelight.vim 153e3f7b78484eb4f5d69833ebf628f44b94996d
NeoBundleLock neobundle.vim bb8cdbb5d7d9738df787a2d1f74bd9baeb762e2d
NeoBundleLock onedark.vim 33eb5e7455561d28ea65790990354f0aebb0ddcb
NeoBundleLock promptline.vim b6ce058b1321bdbfc1b0369cf0a6f7c1e58e99e3
NeoBundleLock python-mode 4bda3035ce9523a6d31792bc6c22ce2b9e0ae9a3
NeoBundleLock seoul256.vim ca2499b0d673c7421a2b3b90e98b570cd0c41edc
NeoBundleLock syntastic b246e339afda238af1086e824d785361cffb51cb
NeoBundleLock tabular 60f25648814f0695eeb6c1040d97adca93c4e0bb
NeoBundleLock tagbar 7b36c46d17d57db34fdb0adac9ba6382d0bb5e66
NeoBundleLock tcomment_vim 7c4277754b6b77fb80b47cd4a7384d1e2d6c1538
NeoBundleLock tmuxline.vim 1e638ef6b2673130db123f25b1ae1160c5289bb8
NeoBundleLock ultisnips 78614503098571ecdb09f79bc9543aacdb0e41c0
NeoBundleLock unite.vim bb2654fdcf79383216b1707c021351a05b630985
NeoBundleLock vim-asciidoctor f61e43cb3e5a9baf9ae5147af96dec920b36740b
NeoBundleLock vim-autocite c36a1f3b92611c5d8282727a79bdd467a9502680
NeoBundleLock vim-codefmt 2486dc1dafd2bb148fa4c1f05e94f46093ad8962
NeoBundleLock vim-coffee-script 32fe889b8cafd3a4921ef8e6485156453ff58c42
NeoBundleLock vim-colors-pencil 645c77db4ddeca0fbd32504f4fc62953428b36ad
NeoBundleLock vim-dispatch fc8d1e68cd58fb3ffdd56109bf855cda92b10b70
NeoBundleLock vim-distinguished 4d98aad4660f6b15ad467461f2286e6b3ba67638
NeoBundleLock vim-easy-align 0cb6b98fc155717b0a56c110551ac57d1d951ddb
NeoBundleLock vim-eunuch d02b2d0404134e6cae2708069d6888110d3c2272
NeoBundleLock vim-fugitive 57afba5bdd49b59d57485f90aa0cf3f3a6c47f63
NeoBundleLock vim-gitgutter 78d83c7056e1973ed4cbf9b5b3f09263a3dbf968
NeoBundleLock vim-glaive f0a44ceb6a6f90de1d56bfb60c2686b81f79672a
NeoBundleLock vim-json 3029554ee1619f478fc5222bf4c6c08909b1be9c
NeoBundleLock vim-litecorrect c348095afc326364015f3f7e8d9844ab8bc37d69
NeoBundleLock vim-maktaba 7421c0d8cf0c215a1b5b7ad75ffcb48bff201905
NeoBundleLock vim-pandoc adc66f58cfddc6c2fc18100e7bd11a334f863781
NeoBundleLock vim-pandoc-after 4377665e5c98f29ea838deb3b942200b8dd096ef
NeoBundleLock vim-pandoc-syntax a35e9ce28bae85b1ce5d4f817882a8d78efcd6be
NeoBundleLock vim-pencil ebbfc350b8622955163b5580bec1b6c92ee7a12a
NeoBundleLock vim-repeat 7a6675f092842c8f81e71d5345bd7cdbf3759415
NeoBundleLock vim-sensible 9e91be7e0fb42949831fe3161ef583363648aa58
NeoBundleLock vim-sleuth a17462708aa40a7fc0afd4effa559087d8a2c908
NeoBundleLock vim-speeddating 426c792e479f6e1650a6996c683943a09344c21e
NeoBundleLock vim-surround 2d05440ad23f97a7874ebd9b5de3a0e65d25d85c
NeoBundleLock vim-table-mode 01289c07524de407d93e3d7bb3a21e9db412783b
NeoBundleLock vim-textobj-comment 58ae4571b76a5bf74850698f23d235eef991dd4b
NeoBundleLock vim-textobj-datetime be2db6717e91bd14b99ab364ea09347903a6dce4
NeoBundleLock vim-textobj-python 26c3447089ef9fcc291a0cdb1f5f93b7016e5b9c
NeoBundleLock vim-textobj-sentence 096f0edc8485ab1fb9ef5a14b12d3978592e36a0
NeoBundleLock vim-textobj-user a3054162c09bcf732624f43ddacbd85dad09713b
NeoBundleLock vim-thematic 5bc225d99c036d52f87c41791aa698bdfc817b93
NeoBundleLock vim-unimpaired 11dc568dbfd7a56866a4354c737515769f08e9fe
NeoBundleLock vim-wheel e6258a51f6d01ca55bb8e1656000c70c97d39fa4
NeoBundleLock vim-wordy 6b37d5a8c962250d251aa0d6f7dd3699cf26cb69
NeoBundleLock vimple 48eb1b343684c9db3835209757095050bc501824
NeoBundleLock vimproc 9269f3861a767733cc4d9fc44668e98fabcca7e9
